
Microsoft Visual Studio Solution File, Format Version 12.00
# Visual Studio Version 16
VisualStudioVersion = 16.0.33801.447
MinimumVisualStudioVersion = 10.0.40219.1
Project("{FAE04EC0-301F-11D3-BF4B-00C04F79EFBC}") = "DataAccess", "DataAccess\DataAccess.csproj", "{A513481C-2452-440E-9179-AC618458C9AA}"
EndProject
Project("{FAE04EC0-301F-11D3-BF4B-00C04F79EFBC}") = "Entities", "Entities\Entities.csproj", "{A67DDC76-55CE-45CF-8564-B84E262F14BA}"
EndProject
Project("{FAE04EC0-301F-11D3-BF4B-00C04F79EFBC}") = "Business", "Business\Business.csproj", "{0A7078E2-FDBC-4B9A-B469-8D5D1228F7AD}"
EndProject
Project("{FAE04EC0-301F-11D3-BF4B-00C04F79EFBC}") = "ConsoleUI", "ConsoleUI\ConsoleUI.csproj", "{23DDB0FF-7A67-4F57-A182-7E494B4883AF}"
EndProject
Project("{FAE04EC0-301F-11D3-BF4B-00C04F79EFBC}") = "Core", "Core\Core.csproj", "{283EA678-6205-4409-8344-2B1BB9A05F85}"
EndProject
Global
	GlobalSection(SolutionConfigurationPlatforms) = preSolution
		Debug|Any CPU = Debug|Any CPU
		Release|Any CPU = Release|Any CPU
	EndGlobalSection
	GlobalSection(ProjectConfigurationPlatforms) = postSolution
		{A513481C-2452-440E-9179-AC618458C9AA}.Debug|Any CPU.ActiveCfg = Debug|Any CPU
		{A513481C-2452-440E-9179-AC618458C9AA}.Debug|Any CPU.Build.0 = Debug|Any CPU
		{A513481C-2452-440E-9179-AC618458C9AA}.Release|Any CPU.ActiveCfg = Release|Any CPU
		{A513481C-2452-440E-9179-AC618458C9AA}.Release|Any CPU.Build.0 = Release|Any CPU
		{A67DDC76-55CE-45CF-8564-B84E262F14BA}.Debug|Any CPU.ActiveCfg = Debug|Any CPU
		{A67DDC76-55CE-45CF-8564-B84E262F14BA}.Debug|Any CPU.Build.0 = Debug|Any CPU
		{A67DDC76-55CE-45CF-8564-B84E262F14BA}.Release|Any CPU.ActiveCfg = Release|Any CPU
		{A67DDC76-55CE-45CF-8564-B84E262F14BA}.Release|Any CPU.Build.0 = Release|Any CPU
		{0A7078E2-FDBC-4B9A-B469-8D5D1228F7AD}.Debug|Any CPU.ActiveCfg = Debug|Any CPU
		{0A7078E2-FDBC-4B9A-B469-8D5D1228F7AD}.Debug|Any CPU.Build.0 = Debug|Any CPU
		{0A7078E2-FDBC-4B9A-B469-8D5D1228F7AD}.Release|Any CPU.ActiveCfg = Release|Any CPU
		{0A7078E2-FDBC-4B9A-B469-8D5D1228F7AD}.Release|Any CPU.Build.0 = Release|Any CPU
		{23DDB0FF-7A67-4F57-A182-7E494B4883AF}.Debug|Any CPU.ActiveCfg = Debug|Any CPU
		{23DDB0FF-7A67-4F57-A182-7E494B4883AF}.Debug|Any CPU.Build.0 = Debug|Any CPU
		{23DDB0FF-7A67-4F57-A182-7E494B4883AF}.Release|Any CPU.ActiveCfg = Release|Any CPU
		{23DDB0FF-7A67-4F57-A182-7E494B4883AF}.Release|Any CPU.Build.0 = Release|Any CPU
		{283EA678-6205-4409-8344-2B1BB9A05F85}.Debug|Any CPU.ActiveCfg = Debug|Any CPU
		{283EA678-6205-4409-8344-2B1BB9A05F85}.Debug|Any CPU.Build.0 = Debug|Any CPU
		{283EA678-6205-4409-8344-2B1BB9A05F85}.Release|Any CPU.ActiveCfg = Release|Any CPU
		{283EA678-6205-4409-8344-2B1BB9A05F85}.Release|Any CPU.Build.0 = Release|Any CPU
	EndGlobalSection
	GlobalSection(SolutionProperties) = preSolution
		HideSolutionNode = FALSE
	EndGlobalSection
	GlobalSection(ExtensibilityGlobals) = postSolution
		SolutionGuid = {92DE7117-25FB-42B9-B5E2-9AEAD547A816}
	EndGlobalSection
EndGlobal
